// !$*UTF8*$!
{
	archiveVersion = 1;
	classes = {
	};
	objectVersion = 46;
	objects = {

/* Begin PBXBuildFile section */
		65990FE71ABAFBC80012C202 /* AppDelegate.swift in Sources */ = {isa = PBXBuildFile; fileRef = 65990FE61ABAFBC80012C202 /* AppDelegate.swift */; };
		65990FE91ABAFBC80012C202 /* Images.xcassets in Resources */ = {isa = PBXBuildFile; fileRef = 65990FE81ABAFBC80012C202 /* Images.xcassets */; };
		65990FEC1ABAFBC80012C202 /* MainMenu.xib in Resources */ = {isa = PBXBuildFile; fileRef = 65990FEA1ABAFBC80012C202 /* MainMenu.xib */; };
		65990FF81ABAFBC80012C202 /* DraggingSpritesTests.swift in Sources */ = {isa = PBXBuildFile; fileRef = 65990FF71ABAFBC80012C202 /* DraggingSpritesTests.swift */; };
		659910021ABAFD7A0012C202 /* SpriteKit.framework in Frameworks */ = {isa = PBXBuildFile; fileRef = 659910011ABAFD7A0012C202 /* SpriteKit.framework */; };
/* End PBXBuildFile section */

/* Begin PBXContainerItemProxy section */
		65990FF21ABAFBC80012C202 /* PBXContainerItemProxy */ = {
			isa = PBXContainerItemProxy;
			containerPortal = 65990FD91ABAFBC80012C202 /* Project object */;
			proxyType = 1;
			remoteGlobalIDString = 65990FE01ABAFBC80012C202;
			remoteInfo = DraggingSprites;
		};
/* End PBXContainerItemProxy section */

/* Begin PBXFileReference section */
		65990FE11ABAFBC80012C202 /* DraggingSprites.app */ = {isa = PBXFileReference; explicitFileType = wrapper.application; includeInIndex = 0; path = DraggingSprites.app; sourceTree = BUILT_PRODUCTS_DIR; };
		65990FE51ABAFBC80012C202 /* Info.plist */ = {isa = PBXFileReference; lastKnownFileType = text.plist.xml; path = Info.plist; sourceTree = "<group>"; };
		65990FE61ABAFBC80012C202 /* AppDelegate.swift */ = {isa = PBXFileReference; lastKnownFileType = sourcecode.swift; path = AppDelegate.swift; sourceTree = "<group>"; };
		65990FE81ABAFBC80012C202 /* Images.xcassets */ = {isa = PBXFileReference; lastKnownFileType = folder.assetcatalog; path = Images.xcassets; sourceTree = "<group>"; };
		65990FEB1ABAFBC80012C202 /* Base */ = {isa = PBXFileReference; lastKnownFileType = file.xib; name = Base; path = Base.lproj/MainMenu.xib; sourceTree = "<group>"; };
		65990FF11ABAFBC80012C202 /* DraggingSpritesTests.xctest */ = {isa = PBXFileReference; explicitFileType = wrapper.cfbundle; includeInIndex = 0; path = DraggingSpritesTests.xctest; sourceTree = BUILT_PRODUCTS_DIR; };
		65990FF61ABAFBC80012C202 /* Info.plist */ = {isa = PBXFileReference; lastKnownFileType = text.plist.xml; path = Info.plist; sourceTree = "<group>"; };
		65990FF71ABAFBC80012C202 /* DraggingSpritesTests.swift */ = {isa = PBXFileReference; lastKnownFileType = sourcecode.swift; path = DraggingSpritesTests.swift; sourceTree = "<group>"; };
		659910011ABAFD7A0012C202 /* SpriteKit.framework */ = {isa = PBXFileReference; lastKnownFileType = wrapper.framework; name = SpriteKit.framework; path = System/Library/Frameworks/SpriteKit.framework; sourceTree = SDKROOT; };
/* End PBXFileReference section */

/* Begin PBXFrameworksBuildPhase section */
		65990FDE1ABAFBC80012C202 /* Frameworks */ = {
			isa = PBXFrameworksBuildPhase;
			buildActionMask = 2147483647;
			files = (
				659910021ABAFD7A0012C202 /* SpriteKit.framework in Frameworks */,
			);
			runOnlyForDeploymentPostprocessing = 0;
		};
		65990FEE1ABAFBC80012C202 /* Frameworks */ = {
			isa = PBXFrameworksBuildPhase;
			buildActionMask = 2147483647;
			files = (
			);
			runOnlyForDeploymentPostprocessing = 0;
		};
/* End PBXFrameworksBuildPhase section */

/* Begin PBXGroup section */
		65990FD81ABAFBC80012C202 = {
			isa = PBXGroup;
			children = (
				659910011ABAFD7A0012C202 /* SpriteKit.framework */,
				65990FE31ABAFBC80012C202 /* DraggingSprites */,
				65990FF41ABAFBC80012C202 /* DraggingSpritesTests */,
				65990FE21ABAFBC80012C202 /* Products */,
			);
			sourceTree = "<group>";
		};
		65990FE21ABAFBC80012C202 /* Products */ = {
			isa = PBXGroup;
			children = (
				65990FE11ABAFBC80012C202 /* DraggingSprites.app */,
				65990FF11ABAFBC80012C202 /* DraggingSpritesTests.xctest */,
			);
			name = Products;
			sourceTree = "<group>";
		};
		65990FE31ABAFBC80012C202 /* DraggingSprites */ = {
			isa = PBXGroup;
			children = (
				65990FE61ABAFBC80012C202 /* AppDelegate.swift */,
				65990FE81ABAFBC80012C202 /* Images.xcassets */,
				65990FEA1ABAFBC80012C202 /* MainMenu.xib */,
				65990FE41ABAFBC80012C202 /* Supporting Files */,
			);
			path = DraggingSprites;
			sourceTree = "<group>";
		};
		65990FE41ABAFBC80012C202 /* Supporting Files */ = {
			isa = PBXGroup;
			children = (
				65990FE51ABAFBC80012C202 /* Info.plist */,
			);
			name = "Supporting Files";
			sourceTree = "<group>";
		};
		65990FF41ABAFBC80012C202 /* DraggingSpritesTests */ = {
			isa = PBXGroup;
			children = (
				65990FF71ABAFBC80012C202 /* DraggingSpritesTests.swift */,
				65990FF51ABAFBC80012C202 /* Supporting Files */,
			);
			path = DraggingSpritesTests;
			sourceTree = "<group>";
		};
		65990FF51ABAFBC80012C202 /* Supporting Files */ = {
			isa = PBXGroup;
			children = (
				65990FF61ABAFBC80012C202 /* Info.plist */,
			);
			name = "Supporting Files";
			sourceTree = "<group>";
		};
/* End PBXGroup section */

/* Begin PBXNativeTarget section */
		65990FE01ABAFBC80012C202 /* DraggingSprites */ = {
			isa = PBXNativeTarget;
			buildConfigurationList = 65990FFB1ABAFBC80012C202 /* Build configuration list for PBXNativeTarget "DraggingSprites" */;
			buildPhases = (
				65990FDD1ABAFBC80012C202 /* Sources */,
				65990FDE1ABAFBC80012C202 /* Frameworks */,
				65990FDF1ABAFBC80012C202 /* Resources */,
			);
			buildRules = (
			);
			dependencies = (
			);
			name = DraggingSprites;
			productName = DraggingSprites;
			productReference = 65990FE11ABAFBC80012C202 /* DraggingSprites.app */;
			productType = "com.apple.product-type.application";
		};
		65990FF01ABAFBC80012C202 /* DraggingSpritesTests */ = {
			isa = PBXNativeTarget;
			buildConfigurationList = 65990FFE1ABAFBC80012C202 /* Build configuration list for PBXNativeTarget "DraggingSpritesTests" */;
			buildPhases = (
				65990FED1ABAFBC80012C202 /* Sources */,
				65990FEE1ABAFBC80012C202 /* Frameworks */,
				65990FEF1ABAFBC80012C202 /* Resources */,
			);
			buildRules = (
			);
			dependencies = (
				65990FF31ABAFBC80012C202 /* PBXTargetDependency */,
			);
			name = DraggingSpritesTests;
			productName = DraggingSpritesTests;
			productReference = 65990FF11ABAFBC80012C202 /* DraggingSpritesTests.xctest */;
			productType = "com.apple.product-type.bundle.unit-test";
		};
/* End PBXNativeTarget section */

/* Begin PBXProject section */
		65990FD91ABAFBC80012C202 /* Project object */ = {
			isa = PBXProject;
			attributes = {
				LastUpgradeCheck = 0620;
				ORGANIZATIONNAME = "Daniel Farrell";
				TargetAttributes = {
					65990FE01ABAFBC80012C202 = {
						CreatedOnToolsVersion = 6.2;
					};
					65990FF01ABAFBC80012C202 = {
						CreatedOnToolsVersion = 6.2;
						TestTargetID = 65990FE01ABAFBC80012C202;
					};
				};
			};
			buildConfigurationList = 65990FDC1ABAFBC80012C202 /* Build configuration list for PBXProject "DraggingSprites" */;
			compatibilityVersion = "Xcode 3.2";
			developmentRegion = English;
			hasScannedForEncodings = 0;
			knownRegions = (
				en,
				Base,
			);
			mainGroup = 65990FD81ABAFBC80012C202;
			productRefGroup = 65990FE21ABAFBC80012C202 /* Products */;
			projectDirPath = "";
			projectRoot = "";
			targets = (
				65990FE01ABAFBC80012C202 /* DraggingSprites */,
				65990FF01ABAFBC80012C202 /* DraggingSpritesTests */,
			);
		};
/* End PBXProject section */

/* Begin PBXResourcesBuildPhase section */
		65990FDF1ABAFBC80012C202 /* Resources */ = {
			isa = PBXResourcesBuildPhase;
			buildActionMask = 2147483647;
			files = (
				65990FE91ABAFBC80012C202 /* Images.xcassets in Resources */,
				65990FEC1ABAFBC80012C202 /* MainMenu.xib in Resources */,
			);
			runOnlyForDeploymentPostprocessing = 0;
		};
		65990FEF1ABAFBC80012C202 /* Resources */ = {
			isa = PBXResourcesBuildPhase;
			buildActionMask = 2147483647;
			files = (
			);
			runOnlyForDeploymentPostprocessing = 0;
		};
/* End PBXResourcesBuildPhase section */

/* Begin PBXSourcesBuildPhase section */
		65990FDD1ABAFBC80012C202 /* Sources */ = {
			isa = PBXSourcesBuildPhase;
			buildActionMask = 2147483647;
			files = (
				65990FE71ABAFBC80012C202 /* AppDelegate.swift in Sources */,
			);
			runOnlyForDeploymentPostprocessing = 0;
		};
		65990FED1ABAFBC80012C202 /* Sources */ = {
			isa = PBXSourcesBuildPhase;
			buildActionMask = 2147483647;
			files = (
				65990FF81ABAFBC80012C202 /* DraggingSpritesTests.swift in Sources */,
			);
			runOnlyForDeploymentPostprocessing = 0;
		};
/* End PBXSourcesBuildPhase section */

/* Begin PBXTargetDependency section */
		65990FF31ABAFBC80012C202 /* PBXTargetDependency */ = {
			isa = PBXTargetDependency;
			target = 65990FE01ABAFBC80012C202 /* DraggingSprites */;
			targetProxy = 65990FF21ABAFBC80012C202 /* PBXContainerItemProxy */;
		};
/* End PBXTargetDependency section */

/* Begin PBXVariantGroup section */
		65990FEA1ABAFBC80012C202 /* MainMenu.xib */ = {
			isa = PBXVariantGroup;
			children = (
				65990FEB1ABAFBC80012C202 /* Base */,
			);
			name = MainMenu.xib;
			sourceTree = "<group>";
		};
/* End PBXVariantGroup section */

/* Begin XCBuildConfiguration section */
		65990FF91ABAFBC80012C202 /* Debug */ = {
			isa = XCBuildConfiguration;
			buildSettings = {
				ALWAYS_SEARCH_USER_PATHS = NO;
				CLANG_CXX_LANGUAGE_STANDARD = "gnu++0x";
				CLANG_CXX_LIBRARY = "libc++";
				CLANG_ENABLE_MODULES = YES;
				CLANG_ENABLE_OBJC_ARC = YES;
				CLANG_WARN_BOOL_CONVERSION = YES;
				CLANG_WARN_CONSTANT_CONVERSION = YES;
				CLANG_WARN_DIRECT_OBJC_ISA_USAGE = YES_ERROR;
				CLANG_WARN_EMPTY_BODY = YES;
				CLANG_WARN_ENUM_CONVERSION = YES;
				CLANG_WARN_INT_CONVERSION = YES;
				CLANG_WARN_OBJC_ROOT_CLASS = YES_ERROR;
				CLANG_WARN_UNREACHABLE_CODE = YES;
				CLANG_WARN__DUPLICATE_METHOD_MATCH = YES;
				CODE_SIGN_IDENTITY = "-";
				COPY_PHASE_STRIP = NO;
				ENABLE_STRICT_OBJC_MSGSEND = YES;
				GCC_C_LANGUAGE_STANDARD = gnu99;
				GCC_DYNAMIC_NO_PIC = NO;
				GCC_OPTIMIZATION_LEVEL = 0;
				GCC_PREPROCESSOR_DEFINITIONS = (
					"DEBUG=1",
					"$(inherited)",
				);
				GCC_SYMBOLS_PRIVATE_EXTERN = NO;
				GCC_WARN_64_TO_32_BIT_CONVERSION = YES;
				GCC_WARN_ABOUT_RETURN_TYPE = YES_ERROR;
				GCC_WARN_UNDECLARED_SELECTOR = YES;
				GCC_WARN_UNINITIALIZED_AUTOS = YES_AGGRESSIVE;
				GCC_WARN_UNUSED_FUNCTION = YES;
				GCC_WARN_UNUSED_VARIABLE = YES;
				MACOSX_DEPLOYMENT_TARGET = 10.10;
				MTL_ENABLE_DEBUG_INFO = YES;
				ONLY_ACTIVE_ARCH = YES;
				SDKROOT = macosx;
				SWIFT_OPTIMIZATION_LEVEL = "-Onone";
			};
			name = Debug;
		};
		65990FFA1ABAFBC80012C202 /* Release */ = {
			isa = XCBuildConfiguration;
			buildSettings = {
				ALWAYS_SEARCH_USER_PATHS = NO;
				CLANG_CXX_LANGUAGE_STANDARD = "gnu++0x";
				CLANG_CXX_LIBRARY = "libc++";
				CLANG_ENABLE_MODULES = YES;
				CLANG_ENABLE_OBJC_ARC = YES;
				CLANG_WARN_BOOL_CONVERSION = YES;
				CLANG_WARN_CONSTANT_CONVERSION = YES;
				CLANG_WARN_DIRECT_OBJC_ISA_USAGE = YES_ERROR;
				CLANG_WARN_EMPTY_BODY = YES;
				CLANG_WARN_ENUM_CONVERSION = YES;
				CLANG_WARN_INT_CONVERSION = YES;
				CLANG_WARN_OBJC_ROOT_CLASS = YES_ERROR;
				CLANG_WARN_UNREACHABLE_CODE = YES;
				CLANG_WARN__DUPLICATE_METHOD_MATCH = YES;
				CODE_SIGN_IDENTITY = "-";
				COPY_PHASE_STRIP = NO;
				DEBUG_INFORMATION_FORMAT = "dwarf-with-dsym";
				ENABLE_NS_ASSERTIONS = NO;
				ENABLE_STRICT_OBJC_MSGSEND = YES;
				GCC_C_LANGUAGE_STANDARD = gnu99;
				GCC_WARN_64_TO_32_BIT_CONVERSION = YES;
				GCC_WARN_ABOUT_RETURN_TYPE = YES_ERROR;
				GCC_WARN_UNDECLARED_SELECTOR = YES;
				GCC_WARN_UNINITIALIZED_AUTOS = YES_AGGRESSIVE;
				GCC_WARN_UNUSED_FUNCTION = YES;
				GCC_WARN_UNUSED_VARIABLE = YES;
				MACOSX_DEPLOYMENT_TARGET = 10.10;
				MTL_ENABLE_DEBUG_INFO = NO;
				SDKROOT = macosx;
			};
			name = Release;
		};
		65990FFC1ABAFBC80012C202 /* Debug */ = {
			isa = XCBuildConfiguration;
			buildSettings = {
				ASSETCATALOG_COMPILER_APPICON_NAME = AppIcon;
				COMBINE_HIDPI_IMAGES = YES;
				INFOPLIST_FILE = DraggingSprites/Info.plist;
				LD_RUNPATH_SEARCH_PATHS = "$(inherited) @executable_path/../Frameworks";
				PRODUCT_NAME = "$(TARGET_NAME)";
			};
			name = Debug;
		};
		65990FFD1ABAFBC80012C202 /* Release */ = {
			isa = XCBuildConfiguration;
			buildSettings = {
				ASSETCATALOG_COMPILER_APPICON_NAME = AppIcon;
				COMBINE_HIDPI_IMAGES = YES;
				INFOPLIST_FILE = DraggingSprites/Info.plist;
				LD_RUNPATH_SEARCH_PATHS = "$(inherited) @executable_path/../Frameworks";
				PRODUCT_NAME = "$(TARGET_NAME)";
			};
			name = Release;
		};
		65990FFF1ABAFBC80012C202 /* Debug */ = {
			isa = XCBuildConfiguration;
			buildSettings = {
				BUNDLE_LOADER = "$(TEST_HOST)";
				COMBINE_HIDPI_IMAGES = YES;
				FRAMEWORK_SEARCH_PATHS = (
					"$(DEVELOPER_FRAMEWORKS_DIR)",
					"$(inherited)",
				);
				GCC_PREPROCESSOR_DEFINITIONS = (
					"DEBUG=1",
					"$(inherited)",
				);
				INFOPLIST_FILE = DraggingSpritesTests/Info.plist;
				LD_RUNPATH_SEARCH_PATHS = "$(inherited) @executable_path/../Frameworks @loader_path/../Frameworks";
				PRODUCT_NAME = "$(TARGET_NAME)";
				TEST_HOST = "$(BUILT_PRODUCTS_DIR)/DraggingSprites.app/Contents/MacOS/DraggingSprites";
			};
			name = Debug;
		};
		659910001ABAFBC80012C202 /* Release */ = {
			isa = XCBuildConfiguration;
			buildSettings = {
				BUNDLE_LOADER = "$(TEST_HOST)";
				COMBINE_HIDPI_IMAGES = YES;
				FRAMEWORK_SEARCH_PATHS = (
					"$(DEVELOPER_FRAMEWORKS_DIR)",
					"$(inherited)",
				);
				INFOPLIST_FILE = DraggingSpritesTests/Info.plist;
				LD_RUNPATH_SEARCH_PATHS = "$(inherited) @executable_path/../Frameworks @loader_path/../Frameworks";
				PRODUCT_NAME = "$(TARGET_NAME)";
				TEST_HOST = "$(BUILT_PRODUCTS_DIR)/DraggingSprites.app/Contents/MacOS/DraggingSprites";
			};
			name = Release;
		};
/* End XCBuildConfiguration section */

/* Begin XCConfigurationList section */
		65990FDC1ABAFBC80012C202 /* Build configuration list for PBXProject "DraggingSprites" */ = {
			isa = XCConfigurationList;
			buildConfigurations = (
				65990FF91ABAFBC80012C202 /* Debug */,
				65990FFA1ABAFBC80012C202 /* Release */,
			);
			defaultConfigurationIsVisible = 0;
			defaultConfigurationName = Release;
		};
		65990FFB1ABAFBC80012C202 /* Build configuration list for PBXNativeTarget "DraggingSprites" */ = {
			isa = XCConfigurationList;
			buildConfigurations = (
				65990FFC1ABAFBC80012C202 /* Debug */,
				65990FFD1ABAFBC80012C202 /* Release */,
			);
			defaultConfigurationIsVisible = 0;
		};
		65990FFE1ABAFBC80012C202 /* Build configuration list for PBXNativeTarget "DraggingSpritesTests" */ = {
			isa = XCConfigurationList;
			buildConfigurations = (
				65990FFF1ABAFBC80012C202 /* Debug */,
				659910001ABAFBC80012C202 /* Release */,
			);
			defaultConfigurationIsVisible = 0;
		};
/* End XCConfigurationList section */
	};
	rootObject = 65990FD91ABAFBC80012C202 /* Project object */;
}
